
Microsoft Visual Studio Solution File, Format Version 12.00
# Visual Studio 15
VisualStudioVersion = 15.0.26430.16
MinimumVisualStudioVersion = 10.0.40219.1
Project("{151D2E53-A2C4-4D7D-83FE-D05416EBD58E}") = "WebApps3Slots3DBs", "WebApps3Slots3DBs\WebApps3Slots3DBs.deployproj", "{E405D35A-B95B-4A68-8BEB-9408E2941F3B}"
EndProject
Global
	GlobalSection(SolutionConfigurationPlatforms) = preSolution
		Debug|Any CPU = Debug|Any CPU
		Release|Any CPU = Release|Any CPU
	EndGlobalSection
	GlobalSection(ProjectConfigurationPlatforms) = postSolution
		{E405D35A-B95B-4A68-8BEB-9408E2941F3B}.Debug|Any CPU.ActiveCfg = Debug|Any CPU
		{E405D35A-B95B-4A68-8BEB-9408E2941F3B}.Debug|Any CPU.Build.0 = Debug|Any CPU
		{E405D35A-B95B-4A68-8BEB-9408E2941F3B}.Release|Any CPU.ActiveCfg = Release|Any CPU
		{E405D35A-B95B-4A68-8BEB-9408E2941F3B}.Release|Any CPU.Build.0 = Release|Any CPU
	EndGlobalSection
	GlobalSection(SolutionProperties) = preSolution
		HideSolutionNode = FALSE
	EndGlobalSection
EndGlobal
